
Microsoft Visual Studio Solution File, Format Version 12.00
# Visual Studio Version 16
VisualStudioVersion = 16.0.29411.108
MinimumVisualStudioVersion = 10.0.40219.1
Project("{FAE04EC0-301F-11D3-BF4B-00C04F79EFBC}") = "Remove Death Amnesia", "Source\Remove Death Amnesia.csproj", "{D080AA90-0014-41A7-8836-8A260BBCB43A}"
EndProject
Global
	GlobalSection(SolutionConfigurationPlatforms) = preSolution
		Debug|Any CPU = Debug|Any CPU
		Release|Any CPU = Release|Any CPU
		RimWorld 1.1|Any CPU = RimWorld 1.1|Any CPU
		RimWorld 1.3|Any CPU = RimWorld 1.3|Any CPU
		RimWorld 1.2|Any CPU = RimWorld 1.2|Any CPU
		RimWorld 1.4|Any CPU = RimWorld 1.4|Any CPU
	EndGlobalSection
	GlobalSection(ProjectConfigurationPlatforms) = postSolution
		{D080AA90-0014-41A7-8836-8A260BBCB43A}.Debug|Any CPU.ActiveCfg = Debug|Any CPU
		{D080AA90-0014-41A7-8836-8A260BBCB43A}.Debug|Any CPU.Build.0 = Debug|Any CPU
		{D080AA90-0014-41A7-8836-8A260BBCB43A}.Release|Any CPU.ActiveCfg = Release|Any CPU
		{D080AA90-0014-41A7-8836-8A260BBCB43A}.Release|Any CPU.Build.0 = Release|Any CPU
		{D080AA90-0014-41A7-8836-8A260BBCB43A}.RimWorld 1.1|Any CPU.ActiveCfg = RimWorld 1.1|Any CPU
		{D080AA90-0014-41A7-8836-8A260BBCB43A}.RimWorld 1.1|Any CPU.Build.0 = RimWorld 1.1|Any CPU
		{D080AA90-0014-41A7-8836-8A260BBCB43A}.RimWorld 1.3|Any CPU.ActiveCfg = RimWorld 1.3|Any CPU
		{D080AA90-0014-41A7-8836-8A260BBCB43A}.RimWorld 1.3|Any CPU.Build.0 = RimWorld 1.3|Any CPU
		{D080AA90-0014-41A7-8836-8A260BBCB43A}.RimWorld 1.2|Any CPU.ActiveCfg = RimWorld 1.2|Any CPU
		{D080AA90-0014-41A7-8836-8A260BBCB43A}.RimWorld 1.2|Any CPU.Build.0 = RimWorld 1.2|Any CPU
		{D080AA90-0014-41A7-8836-8A260BBCB43A}.RimWorld 1.4|Any CPU.ActiveCfg = RimWorld 1.4|Any CPU
		{D080AA90-0014-41A7-8836-8A260BBCB43A}.RimWorld 1.4|Any CPU.Build.0 = RimWorld 1.4|Any CPU
	EndGlobalSection
	GlobalSection(SolutionProperties) = preSolution
		HideSolutionNode = FALSE
	EndGlobalSection
	GlobalSection(ExtensibilityGlobals) = postSolution
		SolutionGuid = {D42427EB-CDC4-4BA8-AC62-20B2CC7A8EA8}
	EndGlobalSection
EndGlobal
